
<Solution>
  <Configurations>
    <BuildType Name="BETA" />
    <BuildType Name="Debug" />
    <BuildType Name="DEV" />
    <BuildType Name="PROD" />
    <BuildType Name="Release" />
  </Configurations>
  <Folder Name="/Core/">
    <Project Path="CloudNimble.EasyAF.Configuration/CloudNimble.EasyAF.Configuration.csproj" />
    <Project Path="CloudNimble.EasyAF.Core/CloudNimble.EasyAF.Core.csproj" />
    <Project Path="CloudNimble.EasyAF.Http.NewtonsoftJson/CloudNimble.EasyAF.Http.NewtonsoftJson.csproj" />
    <Project Path="CloudNimble.EasyAF.Http.SystemTextJson/CloudNimble.EasyAF.Http.SystemTextJson.csproj" />
    <Project Path="CloudNimble.EasyAF.Http/CloudNimble.EasyAF.Http.csproj" />
    <Project Path="CloudNimble.EasyAF.NewtonsoftJson.Compatibility/CloudNimble.EasyAF.NewtonsoftJson.Compatibility.csproj" />
    <Project Path="CloudNimble.EasyAF.ODataClient/CloudNimble.EasyAF.ODataClient.csproj" />
    <Project Path="CloudNimble.EasyAF.Restier.Breakdance/CloudNimble.EasyAF.Restier.Breakdance.csproj" />
    <Project Path="CloudNimble.EasyAF.Restier/CloudNimble.EasyAF.Restier.csproj" />
  </Folder>
  <Folder Name="/Docs/">
    <Project Path="CloudNimble.EasyAF.Docs/CloudNimble.EasyAF.Docs.docsproj" Type="C#" />
  </Folder>
  <Folder Name="/EF6/">
    <Project Path="CloudNimble.EasyAF.Business/CloudNimble.EasyAF.Business.EF6.csproj" />
    <Project Path="CloudNimble.EasyAF.Data.EF6/CloudNimble.EasyAF.Data.EF6.csproj" />
    <Project Path="CloudNimble.EasyAF.Restier.EF6/CloudNimble.EasyAF.Restier.EF6.csproj" Id="d9826c0d-43f2-467b-b157-725cb97f5a40" />
  </Folder>
  <Folder Name="/EFCore/">
    <Project Path="CloudNimble.EasyAF.Business.EFCore/CloudNimble.EasyAF.Business.EFCore.csproj" />
    <Project Path="CloudNimble.EasyAF.Data.EFCore/CloudNimble.EasyAF.Data.EFCore.csproj" />
    <Project Path="CloudNimble.EasyAF.Restier.EFCore/CloudNimble.EasyAF.Restier.EFCore.csproj" Id="124cd496-4fcd-4480-a006-4e5aa46b93d8" />
  </Folder>
  <Folder Name="/Solution Items/">
    <File Path=".claude/settings.local.json" />
    <File Path=".editorconfig" />
    <File Path=".github/copilot-instructions.md" />
    <File Path=".runsettings" />
    <File Path="CLAUDE.md" />
    <File Path="Directory.Build.props" />
    <File Path="easyaf-logo.png" />
    <File Path="easyaf.snk" />
    <File Path="global.json" />
    <File Path="SystemWebSdk.props" />
  </Folder>
  <Folder Name="/Tests/">
    <Project Path="CloudNimble.EasyAF.Tests.Analyzers.EF6/CloudNimble.EasyAF.Tests.Analyzers.EF6.csproj">
      <Build Solution="Debug|*" Project="false" />
    </Project>
    <Project Path="CloudNimble.EasyAF.Tests.Business/CloudNimble.EasyAF.Tests.Business.EF6.csproj" />
    <Project Path="CloudNimble.EasyAF.Tests.CodeGen/CloudNimble.EasyAF.Tests.CodeGen.csproj" />
    <Project Path="CloudNimble.EasyAF.Tests.Configuration/CloudNimble.EasyAF.Tests.Configuration.csproj" />
    <Project Path="CloudNimble.EasyAF.Tests.Core/CloudNimble.EasyAF.Tests.Core.csproj" />
    <Project Path="CloudNimble.EasyAF.Tests.Data.EF6/CloudNimble.EasyAF.Tests.Data.EF6.csproj" />
    <Project Path="CloudNimble.EasyAF.Tests.EFCoreToEdmx/CloudNimble.EasyAF.Tests.EFCoreToEdmx.csproj" />
    <Project Path="CloudNimble.EasyAF.Tests.Http.NewtonsoftJson/CloudNimble.EasyAF.Tests.Http.NewtonsoftJson.csproj" />
    <Project Path="CloudNimble.EasyAF.Tests.Http.SystemTextJson/CloudNimble.EasyAF.Tests.Http.SystemTextJson.csproj" />
    <Project Path="CloudNimble.EasyAF.Tests.Http/CloudNimble.EasyAF.Tests.Http.csproj" />
    <Project Path="CloudNimble.EasyAF.Tests.MSBuild/CloudNimble.EasyAF.Tests.MSBuild.csproj" />
    <Project Path="CloudNimble.EasyAF.Tests.ODataClient/CloudNimble.EasyAF.Tests.ODataClient.csproj" />
    <Project Path="CloudNimble.EasyAF.Tests.Restier/CloudNimble.EasyAF.Tests.Restier.csproj" />
    <Project Path="CloudNimble.EasyAF.Tests.Shared/CloudNimble.EasyAF.Tests.Shared.csproj" />
    <Project Path="CloudNimble.EasyAF.Tests.Tools/CloudNimble.EasyAF.Tests.Tools.csproj" />
    <Project Path="CloudNimble.EasyAF.Tests.XmlDocumentation/CloudNimble.EasyAF.Tests.XmlDocumentation.csproj" Id="704244c3-ac6c-41a9-be2d-d7c9122d5174" />
  </Folder>
  <Folder Name="/Tools/" />
  <Folder Name="/Tools/Analyzers/">
    <Project Path="CloudNimble.EasyAF.Analyzers.EF6/CloudNimble.EasyAF.Analyzers.EF6.csproj" />
  </Folder>
  <Folder Name="/Tools/CLI/">
    <Project Path="CloudNimble.EasyAF.Tools/CloudNimble.EasyAF.Tools.csproj" />
  </Folder>
  <Folder Name="/Tools/Core/">
    <Project Path="CloudNimble.EasyAF.CodeGen/CloudNimble.EasyAF.CodeGen.csproj" />
  </Folder>
  <Folder Name="/Tools/EF6/">
    <Project Path="CloudNimble.EasyAF.Edmx.InMemoryDb/CloudNimble.EasyAF.Edmx.InMemoryDb.csproj" />
    <Project Path="CloudNimble.EasyAF.Edmx/CloudNimble.EasyAF.Edmx.csproj" />
  </Folder>
  <Folder Name="/Tools/EFCore/">
    <Project Path="CloudNimble.EasyAF.EFCoreToEdmx/CloudNimble.EasyAF.EFCoreToEdmx.csproj" />
  </Folder>
  <Folder Name="/Tools/Utilities/">
    <Project Path="CloudNimble.EasyAF.MSBuild/CloudNimble.EasyAF.MSBuild.csproj" />
    <Project Path="CloudNimble.EasyAF.XmlDocumentation/CloudNimble.EasyAF.XmlDocumentation.csproj" Id="3ba60ba8-b38d-419e-8673-8aafda8f749c" />
  </Folder>
</Solution>